
Microsoft Visual Studio Solution File, Format Version 12.00
# Visual Studio Version 17
VisualStudioVersion = 17.0.31903.59
MinimumVisualStudioVersion = 10.0.40219.1
Project("{FAE04EC0-301F-11D3-BF4B-00C04F79EFBC}") = "resourceCreator", "ResourceCreator\resourceCreator.csproj", "{5505C6BF-17F8-4C2F-9854-964E17ECA757}"
EndProject
Project("{FAE04EC0-301F-11D3-BF4B-00C04F79EFBC}") = "ResXLib", "ResXLib\ResXLib.csproj", "{397E18B9-12C9-43D1-8A47-0B5E99AEA229}"
EndProject
Project("{FAE04EC0-301F-11D3-BF4B-00C04F79EFBC}") = "ResXLibTest", "ResXLibTest\ResXLibTest.csproj", "{895010BF-88A8-4237-9D1D-B5F08F15CE7E}"
EndProject
Global
	GlobalSection(SolutionConfigurationPlatforms) = preSolution
		Debug|Any CPU = Debug|Any CPU
		Release|Any CPU = Release|Any CPU
	EndGlobalSection
	GlobalSection(SolutionProperties) = preSolution
		HideSolutionNode = FALSE
	EndGlobalSection
	GlobalSection(ProjectConfigurationPlatforms) = postSolution
		{5505C6BF-17F8-4C2F-9854-964E17ECA757}.Debug|Any CPU.ActiveCfg = Debug|Any CPU
		{5505C6BF-17F8-4C2F-9854-964E17ECA757}.Debug|Any CPU.Build.0 = Debug|Any CPU
		{5505C6BF-17F8-4C2F-9854-964E17ECA757}.Release|Any CPU.ActiveCfg = Release|Any CPU
		{5505C6BF-17F8-4C2F-9854-964E17ECA757}.Release|Any CPU.Build.0 = Release|Any CPU
		{397E18B9-12C9-43D1-8A47-0B5E99AEA229}.Debug|Any CPU.ActiveCfg = Debug|Any CPU
		{397E18B9-12C9-43D1-8A47-0B5E99AEA229}.Debug|Any CPU.Build.0 = Debug|Any CPU
		{397E18B9-12C9-43D1-8A47-0B5E99AEA229}.Release|Any CPU.ActiveCfg = Release|Any CPU
		{397E18B9-12C9-43D1-8A47-0B5E99AEA229}.Release|Any CPU.Build.0 = Release|Any CPU
		{895010BF-88A8-4237-9D1D-B5F08F15CE7E}.Debug|Any CPU.ActiveCfg = Debug|Any CPU
		{895010BF-88A8-4237-9D1D-B5F08F15CE7E}.Debug|Any CPU.Build.0 = Debug|Any CPU
		{895010BF-88A8-4237-9D1D-B5F08F15CE7E}.Release|Any CPU.ActiveCfg = Release|Any CPU
		{895010BF-88A8-4237-9D1D-B5F08F15CE7E}.Release|Any CPU.Build.0 = Release|Any CPU
	EndGlobalSection
EndGlobal
